
Microsoft Visual Studio Solution File, Format Version 12.00
Project("{FAE04EC0-301F-11D3-BF4B-00C04F79EFBC}") = "fids_api", "fids_api\fids_api.csproj", "{D0429AE8-3017-4A23-BA99-42E06AA32CF4}"
EndProject
Global
	GlobalSection(SolutionConfigurationPlatforms) = preSolution
		Debug|Any CPU = Debug|Any CPU
		Release|Any CPU = Release|Any CPU
	EndGlobalSection
	GlobalSection(ProjectConfigurationPlatforms) = postSolution
		{D0429AE8-3017-4A23-BA99-42E06AA32CF4}.Debug|Any CPU.ActiveCfg = Debug|Any CPU
		{D0429AE8-3017-4A23-BA99-42E06AA32CF4}.Debug|Any CPU.Build.0 = Debug|Any CPU
		{D0429AE8-3017-4A23-BA99-42E06AA32CF4}.Release|Any CPU.ActiveCfg = Release|Any CPU
		{D0429AE8-3017-4A23-BA99-42E06AA32CF4}.Release|Any CPU.Build.0 = Release|Any CPU
	EndGlobalSection
EndGlobal
